PODS:
  - Alamofire (3.4.1)
  - Analytics (3.0.6)
  - ARAnalytics/CoreIOS (3.10.1)
  - ARAnalytics/Segmentio (3.10.1):
    - Analytics (>= 3)
    - ARAnalytics/CoreIOS
  - ARCollectionViewMasonryLayout (2.3.0)
  - Artsy+Authentication/email (1.5.0):
    - ISO8601DateFormatter
    - NSURL+QueryDictionary
  - Artsy+UIColors (3.1.0)
  - Artsy+UIFonts (1.1.0)
  - Artsy+UILabels (2.1.0):
    - Artsy+UIColors (~> 3.0)
    - Artsy+UIFonts
  - Gloss (0.7.3)
  - ISO8601DateFormatter (0.8)
  - Keys (1.0.0)
  - Moya/Core (6.5.0):
    - Alamofire (~> 3.0)
    - Result (~> 2.0)
  - Moya/RxSwift (6.5.0):
    - Moya/Core
    - RxSwift (~> 2.0)
  - NSURL+QueryDictionary (1.2.0)
  - Result (2.1.1)
  - RxSwift (2.5.0)
  - SDWebImage (3.8.1):
    - SDWebImage/Core (= 3.8.1)
  - SDWebImage/Core (3.8.1)
  - UIImageViewAligned (0.0.1)

DEPENDENCIES:
  - Alamofire
  - Analytics (from `https://github.com/orta/analytics-ios.git`, branch `orta-tvos`)
  - ARAnalytics/Segmentio
  - ARCollectionViewMasonryLayout (from `https://github.com/ashfurrow/ARCollectionViewMasonryLayout.git`)
  - Artsy+Authentication/email (from `https://github.com/artsy/Artsy-Authentication.git`, branch `master`)
  - Artsy+UIColors (from `https://github.com/artsy/Artsy-UIColors.git`)
  - Artsy+UIFonts (from `https://github.com/artsy/Artsy-UIFonts.git`, branch `old_fonts_new_lib_tv`)
  - Artsy+UILabels (from `https://github.com/artsy/Artsy-UILabels.git`, branch `master`)
  - Gloss
  - Keys (from `Pods/CocoaPodsKeys`)
  - Moya/RxSwift
  - NSURL+QueryDictionary (from `https://github.com/orta/NSURL-QueryDictionary.git`, branch `develop`)
  - RxSwift
  - SDWebImage
  - UIImageViewAligned (from `https://github.com/orta/UIImageViewAligned.git`)

EXTERNAL SOURCES:
  Analytics:
    :branch: orta-tvos
    :git: https://github.com/orta/analytics-ios.git
  ARCollectionViewMasonryLayout:
    :git: https://github.com/ashfurrow/ARCollectionViewMasonryLayout.git
  Artsy+Authentication:
    :branch: master
    :git: https://github.com/artsy/Artsy-Authentication.git
  Artsy+UIColors:
    :git: https://github.com/artsy/Artsy-UIColors.git
  Artsy+UIFonts:
    :branch: old_fonts_new_lib_tv
    :git: https://github.com/artsy/Artsy-UIFonts.git
  Artsy+UILabels:
    :branch: master
    :git: https://github.com/artsy/Artsy-UILabels.git
  Keys:
    :path: Pods/CocoaPodsKeys
  NSURL+QueryDictionary:
    :branch: develop
    :git: https://github.com/orta/NSURL-QueryDictionary.git
  UIImageViewAligned:
    :git: https://github.com/orta/UIImageViewAligned.git

CHECKOUT OPTIONS:
  Analytics:
    :commit: 46df5b5c8fcfe5a122eae5cda9bded1e2a61d40e
    :git: https://github.com/orta/analytics-ios.git
  ARCollectionViewMasonryLayout:
    :commit: 5169040d3f072b4f1bf1fb4a5e6313fb97d1f7e1
    :git: https://github.com/ashfurrow/ARCollectionViewMasonryLayout.git
  Artsy+Authentication:
    :commit: d767ba7c2c0ca05faf7834e29224e1393ecf0139
    :git: https://github.com/artsy/Artsy-Authentication.git
  Artsy+UIColors:
    :commit: a80556b7d5fc9a30f962fcba747888d46657ff20
    :git: https://github.com/artsy/Artsy-UIColors.git
  Artsy+UIFonts:
    :commit: aecd33400e7be8819d989ec944f0eed6e43ddd94
    :git: https://github.com/artsy/Artsy-UIFonts.git
  Artsy+UILabels:
    :commit: a9e9463e7b7c0f7ac8f3b5c453ffbea970516f11
    :git: https://github.com/artsy/Artsy-UILabels.git
  NSURL+QueryDictionary:
    :commit: aa4676a30c3b8150d62c2906dbc4ac36680e3db1
    :git: https://github.com/orta/NSURL-QueryDictionary.git
  UIImageViewAligned:
    :commit: 79d4111cfe700587e8067eb7a657d8d29714973a
    :git: https://github.com/orta/UIImageViewAligned.git

SPEC CHECKSUMS:
  Alamofire: 01a82e2f6c0f860ade35534c8dd88be61bdef40c
  Analytics: 7c00f2257c3d203166b545765b82f6a43cf9c6ef
  ARAnalytics: 13b82a0ce5f177bcfa3c6ebb7a57cc506d9c2669
  ARCollectionViewMasonryLayout: 97cb468434b546b79a98c7c0908447ff803eb85e
  Artsy+Authentication: 3bf11ceca61c52e9e31490535bf5798f625406fa
  Artsy+UIColors: 05f4c9d1dca5177e594c03c987e6312225d44a43
  Artsy+UIFonts: 28db6b1c8022fc3bc2e62db68f32381e1f33aa6f
  Artsy+UILabels: 4e4883a6e270fcd1be316936cae2ee62641899d9
  Gloss: c97a95d6279821f35fa0138700bce0391bce87c1
  ISO8601DateFormatter: 4551b6ce4f83185425f583b0b3feb3c7b59b942c
  Keys: 9c35bf00f612ee1d48556f4a4b9b4551e224e90f
  Moya: f7a4044719381cc6299f9ad3e0ef05f426f0557b
  NSURL+QueryDictionary: bae616404e2adf6409d3d5c02a093cbf44c8a236
  Result: 822c879f145943320cc80a9a8372378e3d699fe4
  RxSwift: 402b41a50e922a0368fc14cb3bc9f4427920e8ae
  SDWebImage: 35f9627a3e44b4f292a8a8ce6a531fa488239b91
  UIImageViewAligned: 8ee62ed56790502223314796b5dfae4eaef7351f

PODFILE CHECKSUM: 3378e0a7b022254551747adb56ac0f5b9f3056ac

COCOAPODS: 1.0.1
