PODS:
  - Alamofire (2.0.2)
  - ARCollectionViewMasonryLayout (2.1.2)
  - Artsy+Authentication (1.1.0):
    - ISO8601DateFormatter
    - LVTwitterOAuthClient
    - NSURL+QueryDictionary
  - Artsy+UIColors (1.0.0):
    - EDColor (~> 1.0)
  - Artsy+UIFonts (1.1.0)
  - Artsy+UILabels (1.3.2):
    - Artsy+UIColors
  - EDColor (1.0.0)
  - FBSnapshotTestCase (1.8.1)
  - Gloss (0.5.3)
  - ISO8601DateFormatter (0.7)
  - Keys (1.0.0)
  - Moya/Core (2.4.1):
    - Alamofire (~> 2.0)
  - Moya/ReactiveCore (2.4.1):
    - Moya/Core
  - Moya/RxSwift (2.4.1):
    - Moya/ReactiveCore
    - RxSwift (~> 2.0.0-alpha)
  - Nimble (2.0.0-rc.3)
  - Nimble-Snapshots (1.0.0):
    - FBSnapshotTestCase (~> 1.7)
    - Nimble (~> 2.0.0-rc.2)
    - Quick (~> 0.5)
  - NSURL+QueryDictionary (1.1.0)
  - Quick (0.6.0)
  - RxCocoa (2.0.0-alpha.3):
    - RxSwift (~> 2.0.0-alpha)
  - RxSwift (2.0.0-alpha.3)
  - SDWebImage (3.7.3):
    - SDWebImage/Core (= 3.7.3)
  - SDWebImage/Core (3.7.3)
  - UIImageViewAligned (0.0.1)

DEPENDENCIES:
  - ARCollectionViewMasonryLayout
  - Artsy+Authentication (from `https://github.com/artsy/Artsy-Authentication.git`,
    branch `tvos`)
  - Artsy+UIColors (from `https://github.com/artsy/Artsy-UIColors.git`, branch `tvos`)
  - Artsy+UIFonts (from `https://github.com/artsy/Artsy-UIFonts.git`, branch `old_fonts_new_lib_tv`)
  - Artsy+UILabels (from `https://github.com/artsy/Artsy-UILabels.git`)
  - FBSnapshotTestCase
  - Gloss
  - Keys (from `Pods/CocoaPodsKeys`)
  - Moya/RxSwift
  - Nimble (= 2.0.0-rc.3)
  - Nimble-Snapshots
  - Quick
  - RxCocoa (from `https://github.com/orta/RxSwift.git`, branch `tvos`)
  - RxSwift (from `https://github.com/orta/RxSwift.git`, branch `tvos`)
  - SDWebImage
  - UIImageViewAligned (from `https://github.com/dbachrach/UIImageViewAligned.git`)

EXTERNAL SOURCES:
  Artsy+Authentication:
    :branch: tvos
    :git: https://github.com/artsy/Artsy-Authentication.git
  Artsy+UIColors:
    :branch: tvos
    :git: https://github.com/artsy/Artsy-UIColors.git
  Artsy+UIFonts:
    :branch: old_fonts_new_lib_tv
    :git: https://github.com/artsy/Artsy-UIFonts.git
  Artsy+UILabels:
    :git: https://github.com/artsy/Artsy-UILabels.git
  Keys:
    :path: Pods/CocoaPodsKeys
  RxCocoa:
    :branch: tvos
    :git: https://github.com/orta/RxSwift.git
  RxSwift:
    :branch: tvos
    :git: https://github.com/orta/RxSwift.git
  UIImageViewAligned:
    :git: https://github.com/dbachrach/UIImageViewAligned.git

CHECKOUT OPTIONS:
  Artsy+Authentication:
    :commit: 0c4e4f29d6f2f1d158d4dac68c35c27d7edf9959
    :git: https://github.com/artsy/Artsy-Authentication.git
  Artsy+UIColors:
    :commit: 2b924b064b2e942ab299a042732c8ee94804f717
    :git: https://github.com/artsy/Artsy-UIColors.git
  Artsy+UIFonts:
    :commit: aecd33400e7be8819d989ec944f0eed6e43ddd94
    :git: https://github.com/artsy/Artsy-UIFonts.git
  Artsy+UILabels:
    :commit: 4f0a3323fb7e87fd25029fb493a02a45565e0bbc
    :git: https://github.com/artsy/Artsy-UILabels.git
  RxCocoa:
    :commit: ebd89c38832b0f4f9c8ad578b4cf2a1ede91ced4
    :git: https://github.com/orta/RxSwift.git
  RxSwift:
    :commit: ebd89c38832b0f4f9c8ad578b4cf2a1ede91ced4
    :git: https://github.com/orta/RxSwift.git
  UIImageViewAligned:
    :commit: 98a3967cf1c71d3ad2b1181c7bf6e818803aad71
    :git: https://github.com/dbachrach/UIImageViewAligned.git

SPEC CHECKSUMS:
  Alamofire: 8edbab00802a752bb5240cc2abe70e7e881488ad
  ARCollectionViewMasonryLayout: 776730bdedd0c7570a5e904c370e4e120f98ea62
  Artsy+Authentication: c3de6ec593e66e1645e3e402b23f5d4a94a09d38
  Artsy+UIColors: 086dc3cf3fa8672f765302002e68969c83b202b2
  Artsy+UIFonts: 28db6b1c8022fc3bc2e62db68f32381e1f33aa6f
  Artsy+UILabels: 0eec510874d00412a2084b7c37aad942b4dcd7b6
  EDColor: c83f9a61f9f9b3c23d541f1feb561558e29cb088
  FBSnapshotTestCase: 3dc3899168747a0319c5278f5b3445c13a6532dd
  Gloss: a6c096af543554313e98fd113108b768ade78159
  ISO8601DateFormatter: ab926648eebe497f4d167c0fd083992f959f1274
  Keys: 7d2ff6ff42f6903358267ce56e9392f83c31acfe
  Moya: aa0fba7f9c98a0bcb95f2d4222ee848dcb0e4b8e
  Nimble: 9dff98ee195ffe7351d3b2fb01d3a1420fd97948
  Nimble-Snapshots: c16dd279a4840ec06288198fafd53f3c17750ff3
  NSURL+QueryDictionary: dd0a5fec689a9b4780b6fa0e0225c01ca3ea653e
  Quick: 563686dbcf0ae0f9f7401ac9cd2d786ee1b7f3d7
  RxCocoa: 2a45f35cd0eb6a01e081b3d11849c2fcb0bdb6de
  RxSwift: c66f7956b2e5fb397a62bf4a3ec6072749a816a7
  SDWebImage: 1d2b1a1efda1ade1b00b6f8498865f8ddedc8a84
  UIImageViewAligned: c188246ca50d21a5ac2a60ae754669525bb9f2f1

COCOAPODS: 0.39.0
